// !$*UTF8*$!
{
	archiveVersion = 1;
	classes = {
	};
	objectVersion = 46;
	objects = {

/* Begin PBXBuildFile section */
		9438FA211B20E7BF007EF482 /* AppDelegate.swift in Sources */ = {isa = PBXBuildFile; fileRef = 9438FA201B20E7BF007EF482 /* AppDelegate.swift */; };
		9438FA231B20E7BF007EF482 /* ViewController.swift in Sources */ = {isa = PBXBuildFile; fileRef = 9438FA221B20E7BF007EF482 /* ViewController.swift */; };
		9438FA261B20E7BF007EF482 /* Main.storyboard in Resources */ = {isa = PBXBuildFile; fileRef = 9438FA241B20E7BF007EF482 /* Main.storyboard */; };
		9438FA281B20E7BF007EF482 /* Images.xcassets in Resources */ = {isa = PBXBuildFile; fileRef = 9438FA271B20E7BF007EF482 /* Images.xcassets */; };
		9438FA2B1B20E7BF007EF482 /* LaunchScreen.xib in Resources */ = {isa = PBXBuildFile; fileRef = 9438FA291B20E7BF007EF482 /* LaunchScreen.xib */; };
		9438FA371B20E7BF007EF482 /* SlotMachineTests.swift in Sources */ = {isa = PBXBuildFile; fileRef = 9438FA361B20E7BF007EF482 /* SlotMachineTests.swift */; };
/* End PBXBuildFile section */

/* Begin PBXContainerItemProxy section */
		9438FA311B20E7BF007EF482 /* PBXContainerItemProxy */ = {
			isa = PBXContainerItemProxy;
			containerPortal = 9438FA131B20E7BF007EF482 /* Project object */;
			proxyType = 1;
			remoteGlobalIDString = 9438FA1A1B20E7BF007EF482;
			remoteInfo = SlotMachine;
		};
/* End PBXContainerItemProxy section */

/* Begin PBXFileReference section */
		9438FA1B1B20E7BF007EF482 /* SlotMachine.app */ = {isa = PBXFileReference; explicitFileType = wrapper.application; includeInIndex = 0; path = SlotMachine.app; sourceTree = BUILT_PRODUCTS_DIR; };
		9438FA1F1B20E7BF007EF482 /* Info.plist */ = {isa = PBXFileReference; lastKnownFileType = text.plist.xml; path = Info.plist; sourceTree = "<group>"; };
		9438FA201B20E7BF007EF482 /* AppDelegate.swift */ = {isa = PBXFileReference; lastKnownFileType = sourcecode.swift; path = AppDelegate.swift; sourceTree = "<group>"; };
		9438FA221B20E7BF007EF482 /* ViewController.swift */ = {isa = PBXFileReference; lastKnownFileType = sourcecode.swift; path = ViewController.swift; sourceTree = "<group>"; };
		9438FA251B20E7BF007EF482 /* Base */ = {isa = PBXFileReference; lastKnownFileType = file.storyboard; name = Base; path = Base.lproj/Main.storyboard; sourceTree = "<group>"; };
		9438FA271B20E7BF007EF482 /* Images.xcassets */ = {isa = PBXFileReference; lastKnownFileType = folder.assetcatalog; path = Images.xcassets; sourceTree = "<group>"; };
		9438FA2A1B20E7BF007EF482 /* Base */ = {isa = PBXFileReference; lastKnownFileType = file.xib; name = Base; path = Base.lproj/LaunchScreen.xib; sourceTree = "<group>"; };
		9438FA301B20E7BF007EF482 /* SlotMachineTests.xctest */ = {isa = PBXFileReference; explicitFileType = wrapper.cfbundle; includeInIndex = 0; path = SlotMachineTests.xctest; sourceTree = BUILT_PRODUCTS_DIR; };
		9438FA351B20E7BF007EF482 /* Info.plist */ = {isa = PBXFileReference; lastKnownFileType = text.plist.xml; path = Info.plist; sourceTree = "<group>"; };
		9438FA361B20E7BF007EF482 /* SlotMachineTests.swift */ = {isa = PBXFileReference; lastKnownFileType = sourcecode.swift; path = SlotMachineTests.swift; sourceTree = "<group>"; };
/* End PBXFileReference section */

/* Begin PBXFrameworksBuildPhase section */
		9438FA181B20E7BF007EF482 /* Frameworks */ = {
			isa = PBXFrameworksBuildPhase;
			buildActionMask = 2147483647;
			files = (
			);
			runOnlyForDeploymentPostprocessing = 0;
		};
		9438FA2D1B20E7BF007EF482 /* Frameworks */ = {
			isa = PBXFrameworksBuildPhase;
			buildActionMask = 2147483647;
			files = (
			);
			runOnlyForDeploymentPostprocessing = 0;
		};
/* End PBXFrameworksBuildPhase section */

/* Begin PBXGroup section */
		9438FA121B20E7BF007EF482 = {
			isa = PBXGroup;
			children = (
				9438FA1D1B20E7BF007EF482 /* SlotMachine */,
				9438FA331B20E7BF007EF482 /* SlotMachineTests */,
				9438FA1C1B20E7BF007EF482 /* Products */,
			);
			sourceTree = "<group>";
		};
		9438FA1C1B20E7BF007EF482 /* Products */ = {
			isa = PBXGroup;
			children = (
				9438FA1B1B20E7BF007EF482 /* SlotMachine.app */,
				9438FA301B20E7BF007EF482 /* SlotMachineTests.xctest */,
			);
			name = Products;
			sourceTree = "<group>";
		};
		9438FA1D1B20E7BF007EF482 /* SlotMachine */ = {
			isa = PBXGroup;
			children = (
				9438FA201B20E7BF007EF482 /* AppDelegate.swift */,
				9438FA221B20E7BF007EF482 /* ViewController.swift */,
				9438FA241B20E7BF007EF482 /* Main.storyboard */,
				9438FA271B20E7BF007EF482 /* Images.xcassets */,
				9438FA291B20E7BF007EF482 /* LaunchScreen.xib */,
				9438FA1E1B20E7BF007EF482 /* Supporting Files */,
			);
			path = SlotMachine;
			sourceTree = "<group>";
		};
		9438FA1E1B20E7BF007EF482 /* Supporting Files */ = {
			isa = PBXGroup;
			children = (
				9438FA1F1B20E7BF007EF482 /* Info.plist */,
			);
			name = "Supporting Files";
			sourceTree = "<group>";
		};
		9438FA331B20E7BF007EF482 /* SlotMachineTests */ = {
			isa = PBXGroup;
			children = (
				9438FA361B20E7BF007EF482 /* SlotMachineTests.swift */,
				9438FA341B20E7BF007EF482 /* Supporting Files */,
			);
			path = SlotMachineTests;
			sourceTree = "<group>";
		};
		9438FA341B20E7BF007EF482 /* Supporting Files */ = {
			isa = PBXGroup;
			children = (
				9438FA351B20E7BF007EF482 /* Info.plist */,
			);
			name = "Supporting Files";
			sourceTree = "<group>";
		};
/* End PBXGroup section */

/* Begin PBXNativeTarget section */
		9438FA1A1B20E7BF007EF482 /* SlotMachine */ = {
			isa = PBXNativeTarget;
			buildConfigurationList = 9438FA3A1B20E7BF007EF482 /* Build configuration list for PBXNativeTarget "SlotMachine" */;
			buildPhases = (
				9438FA171B20E7BF007EF482 /* Sources */,
				9438FA181B20E7BF007EF482 /* Frameworks */,
				9438FA191B20E7BF007EF482 /* Resources */,
			);
			buildRules = (
			);
			dependencies = (
			);
			name = SlotMachine;
			productName = SlotMachine;
			productReference = 9438FA1B1B20E7BF007EF482 /* SlotMachine.app */;
			productType = "com.apple.product-type.application";
		};
		9438FA2F1B20E7BF007EF482 /* SlotMachineTests */ = {
			isa = PBXNativeTarget;
			buildConfigurationList = 9438FA3D1B20E7BF007EF482 /* Build configuration list for PBXNativeTarget "SlotMachineTests" */;
			buildPhases = (
				9438FA2C1B20E7BF007EF482 /* Sources */,
				9438FA2D1B20E7BF007EF482 /* Frameworks */,
				9438FA2E1B20E7BF007EF482 /* Resources */,
			);
			buildRules = (
			);
			dependencies = (
				9438FA321B20E7BF007EF482 /* PBXTargetDependency */,
			);
			name = SlotMachineTests;
			productName = SlotMachineTests;
			productReference = 9438FA301B20E7BF007EF482 /* SlotMachineTests.xctest */;
			productType = "com.apple.product-type.bundle.unit-test";
		};
/* End PBXNativeTarget section */

/* Begin PBXProject section */
		9438FA131B20E7BF007EF482 /* Project object */ = {
			isa = PBXProject;
			attributes = {
				LastUpgradeCheck = 0630;
				ORGANIZATIONNAME = "Ryan Maule";
				TargetAttributes = {
					9438FA1A1B20E7BF007EF482 = {
						CreatedOnToolsVersion = 6.3.2;
					};
					9438FA2F1B20E7BF007EF482 = {
						CreatedOnToolsVersion = 6.3.2;
						TestTargetID = 9438FA1A1B20E7BF007EF482;
					};
				};
			};
			buildConfigurationList = 9438FA161B20E7BF007EF482 /* Build configuration list for PBXProject "SlotMachine" */;
			compatibilityVersion = "Xcode 3.2";
			developmentRegion = English;
			hasScannedForEncodings = 0;
			knownRegions = (
				en,
				Base,
			);
			mainGroup = 9438FA121B20E7BF007EF482;
			productRefGroup = 9438FA1C1B20E7BF007EF482 /* Products */;
			projectDirPath = "";
			projectRoot = "";
			targets = (
				9438FA1A1B20E7BF007EF482 /* SlotMachine */,
				9438FA2F1B20E7BF007EF482 /* SlotMachineTests */,
			);
		};
/* End PBXProject section */

/* Begin PBXResourcesBuildPhase section */
		9438FA191B20E7BF007EF482 /* Resources */ = {
			isa = PBXResourcesBuildPhase;
			buildActionMask = 2147483647;
			files = (
				9438FA261B20E7BF007EF482 /* Main.storyboard in Resources */,
				9438FA2B1B20E7BF007EF482 /* LaunchScreen.xib in Resources */,
				9438FA281B20E7BF007EF482 /* Images.xcassets in Resources */,
			);
			runOnlyForDeploymentPostprocessing = 0;
		};
		9438FA2E1B20E7BF007EF482 /* Resources */ = {
			isa = PBXResourcesBuildPhase;
			buildActionMask = 2147483647;
			files = (
			);
			runOnlyForDeploymentPostprocessing = 0;
		};
/* End PBXResourcesBuildPhase section */

/* Begin PBXSourcesBuildPhase section */
		9438FA171B20E7BF007EF482 /* Sources */ = {
			isa = PBXSourcesBuildPhase;
			buildActionMask = 2147483647;
			files = (
				9438FA231B20E7BF007EF482 /* ViewController.swift in Sources */,
				9438FA211B20E7BF007EF482 /* AppDelegate.swift in Sources */,
			);
			runOnlyForDeploymentPostprocessing = 0;
		};
		9438FA2C1B20E7BF007EF482 /* Sources */ = {
			isa = PBXSourcesBuildPhase;
			buildActionMask = 2147483647;
			files = (
				9438FA371B20E7BF007EF482 /* SlotMachineTests.swift in Sources */,
			);
			runOnlyForDeploymentPostprocessing = 0;
		};
/* End PBXSourcesBuildPhase section */

/* Begin PBXTargetDependency section */
		9438FA321B20E7BF007EF482 /* PBXTargetDependency */ = {
			isa = PBXTargetDependency;
			target = 9438FA1A1B20E7BF007EF482 /* SlotMachine */;
			targetProxy = 9438FA311B20E7BF007EF482 /* PBXContainerItemProxy */;
		};
/* End PBXTargetDependency section */

/* Begin PBXVariantGroup section */
		9438FA241B20E7BF007EF482 /* Main.storyboard */ = {
			isa = PBXVariantGroup;
			children = (
				9438FA251B20E7BF007EF482 /* Base */,
			);
			name = Main.storyboard;
			sourceTree = "<group>";
		};
		9438FA291B20E7BF007EF482 /* LaunchScreen.xib */ = {
			isa = PBXVariantGroup;
			children = (
				9438FA2A1B20E7BF007EF482 /* Base */,
			);
			name = LaunchScreen.xib;
			sourceTree = "<group>";
		};
/* End PBXVariantGroup section */

/* Begin XCBuildConfiguration section */
		9438FA381B20E7BF007EF482 /* Debug */ = {
			isa = XCBuildConfiguration;
			buildSettings = {
				ALWAYS_SEARCH_USER_PATHS = NO;
				CLANG_CXX_LANGUAGE_STANDARD = "gnu++0x";
				CLANG_CXX_LIBRARY = "libc++";
				CLANG_ENABLE_MODULES = YES;
				CLANG_ENABLE_OBJC_ARC = YES;
				CLANG_WARN_BOOL_CONVERSION = YES;
				CLANG_WARN_CONSTANT_CONVERSION = YES;
				CLANG_WARN_DIRECT_OBJC_ISA_USAGE = YES_ERROR;
				CLANG_WARN_EMPTY_BODY = YES;
				CLANG_WARN_ENUM_CONVERSION = YES;
				CLANG_WARN_INT_CONVERSION = YES;
				CLANG_WARN_OBJC_ROOT_CLASS = YES_ERROR;
				CLANG_WARN_UNREACHABLE_CODE = YES;
				CLANG_WARN__DUPLICATE_METHOD_MATCH = YES;
				"CODE_SIGN_IDENTITY[sdk=iphoneos*]" = "iPhone Developer";
				COPY_PHASE_STRIP = NO;
				DEBUG_INFORMATION_FORMAT = "dwarf-with-dsym";
				ENABLE_STRICT_OBJC_MSGSEND = YES;
				GCC_C_LANGUAGE_STANDARD = gnu99;
				GCC_DYNAMIC_NO_PIC = NO;
				GCC_NO_COMMON_BLOCKS = YES;
				GCC_OPTIMIZATION_LEVEL = 0;
				GCC_PREPROCESSOR_DEFINITIONS = (
					"DEBUG=1",
					"$(inherited)",
				);
				GCC_SYMBOLS_PRIVATE_EXTERN = NO;
				GCC_WARN_64_TO_32_BIT_CONVERSION = YES;
				GCC_WARN_ABOUT_RETURN_TYPE = YES_ERROR;
				GCC_WARN_UNDECLARED_SELECTOR = YES;
				GCC_WARN_UNINITIALIZED_AUTOS = YES_AGGRESSIVE;
				GCC_WARN_UNUSED_FUNCTION = YES;
				GCC_WARN_UNUSED_VARIABLE = YES;
				IPHONEOS_DEPLOYMENT_TARGET = 8.3;
				MTL_ENABLE_DEBUG_INFO = YES;
				ONLY_ACTIVE_ARCH = YES;
				SDKROOT = iphoneos;
				SWIFT_OPTIMIZATION_LEVEL = "-Onone";
				TARGETED_DEVICE_FAMILY = "1,2";
			};
			name = Debug;
		};
		9438FA391B20E7BF007EF482 /* Release */ = {
			isa = XCBuildConfiguration;
			buildSettings = {
				ALWAYS_SEARCH_USER_PATHS = NO;
				CLANG_CXX_LANGUAGE_STANDARD = "gnu++0x";
				CLANG_CXX_LIBRARY = "libc++";
				CLANG_ENABLE_MODULES = YES;
				CLANG_ENABLE_OBJC_ARC = YES;
				CLANG_WARN_BOOL_CONVERSION = YES;
				CLANG_WARN_CONSTANT_CONVERSION = YES;
				CLANG_WARN_DIRECT_OBJC_ISA_USAGE = YES_ERROR;
				CLANG_WARN_EMPTY_BODY = YES;
				CLANG_WARN_ENUM_CONVERSION = YES;
				CLANG_WARN_INT_CONVERSION = YES;
				CLANG_WARN_OBJC_ROOT_CLASS = YES_ERROR;
				CLANG_WARN_UNREACHABLE_CODE = YES;
				CLANG_WARN__DUPLICATE_METHOD_MATCH = YES;
				"CODE_SIGN_IDENTITY[sdk=iphoneos*]" = "iPhone Developer";
				COPY_PHASE_STRIP = NO;
				DEBUG_INFORMATION_FORMAT = "dwarf-with-dsym";
				ENABLE_NS_ASSERTIONS = NO;
				ENABLE_STRICT_OBJC_MSGSEND = YES;
				GCC_C_LANGUAGE_STANDARD = gnu99;
				GCC_NO_COMMON_BLOCKS = YES;
				GCC_WARN_64_TO_32_BIT_CONVERSION = YES;
				GCC_WARN_ABOUT_RETURN_TYPE = YES_ERROR;
				GCC_WARN_UNDECLARED_SELECTOR = YES;
				GCC_WARN_UNINITIALIZED_AUTOS = YES_AGGRESSIVE;
				GCC_WARN_UNUSED_FUNCTION = YES;
				GCC_WARN_UNUSED_VARIABLE = YES;
				IPHONEOS_DEPLOYMENT_TARGET = 8.3;
				MTL_ENABLE_DEBUG_INFO = NO;
				SDKROOT = iphoneos;
				TARGETED_DEVICE_FAMILY = "1,2";
				VALIDATE_PRODUCT = YES;
			};
			name = Release;
		};
		9438FA3B1B20E7BF007EF482 /* Debug */ = {
			isa = XCBuildConfiguration;
			buildSettings = {
				ASSETCATALOG_COMPILER_APPICON_NAME = AppIcon;
				INFOPLIST_FILE = SlotMachine/Info.plist;
				LD_RUNPATH_SEARCH_PATHS = "$(inherited) @executable_path/Frameworks";
				PRODUCT_NAME = "$(TARGET_NAME)";
			};
			name = Debug;
		};
		9438FA3C1B20E7BF007EF482 /* Release */ = {
			isa = XCBuildConfiguration;
			buildSettings = {
				ASSETCATALOG_COMPILER_APPICON_NAME = AppIcon;
				INFOPLIST_FILE = SlotMachine/Info.plist;
				LD_RUNPATH_SEARCH_PATHS = "$(inherited) @executable_path/Frameworks";
				PRODUCT_NAME = "$(TARGET_NAME)";
			};
			name = Release;
		};
		9438FA3E1B20E7BF007EF482 /* Debug */ = {
			isa = XCBuildConfiguration;
			buildSettings = {
				BUNDLE_LOADER = "$(TEST_HOST)";
				FRAMEWORK_SEARCH_PATHS = (
					"$(SDKROOT)/Developer/Library/Frameworks",
					"$(inherited)",
				);
				GCC_PREPROCESSOR_DEFINITIONS = (
					"DEBUG=1",
					"$(inherited)",
				);
				INFOPLIST_FILE = SlotMachineTests/Info.plist;
				LD_RUNPATH_SEARCH_PATHS = "$(inherited) @executable_path/Frameworks @loader_path/Frameworks";
				PRODUCT_NAME = "$(TARGET_NAME)";
				TEST_HOST = "$(BUILT_PRODUCTS_DIR)/SlotMachine.app/SlotMachine";
			};
			name = Debug;
		};
		9438FA3F1B20E7BF007EF482 /* Release */ = {
			isa = XCBuildConfiguration;
			buildSettings = {
				BUNDLE_LOADER = "$(TEST_HOST)";
				FRAMEWORK_SEARCH_PATHS = (
					"$(SDKROOT)/Developer/Library/Frameworks",
					"$(inherited)",
				);
				INFOPLIST_FILE = SlotMachineTests/Info.plist;
				LD_RUNPATH_SEARCH_PATHS = "$(inherited) @executable_path/Frameworks @loader_path/Frameworks";
				PRODUCT_NAME = "$(TARGET_NAME)";
				TEST_HOST = "$(BUILT_PRODUCTS_DIR)/SlotMachine.app/SlotMachine";
			};
			name = Release;
		};
/* End XCBuildConfiguration section */

/* Begin XCConfigurationList section */
		9438FA161B20E7BF007EF482 /* Build configuration list for PBXProject "SlotMachine" */ = {
			isa = XCConfigurationList;
			buildConfigurations = (
				9438FA381B20E7BF007EF482 /* Debug */,
				9438FA391B20E7BF007EF482 /* Release */,
			);
			defaultConfigurationIsVisible = 0;
			defaultConfigurationName = Release;
		};
		9438FA3A1B20E7BF007EF482 /* Build configuration list for PBXNativeTarget "SlotMachine" */ = {
			isa = XCConfigurationList;
			buildConfigurations = (
				9438FA3B1B20E7BF007EF482 /* Debug */,
				9438FA3C1B20E7BF007EF482 /* Release */,
			);
			defaultConfigurationIsVisible = 0;
		};
		9438FA3D1B20E7BF007EF482 /* Build configuration list for PBXNativeTarget "SlotMachineTests" */ = {
			isa = XCConfigurationList;
			buildConfigurations = (
				9438FA3E1B20E7BF007EF482 /* Debug */,
				9438FA3F1B20E7BF007EF482 /* Release */,
			);
			defaultConfigurationIsVisible = 0;
		};
/* End XCConfigurationList section */
	};
	rootObject = 9438FA131B20E7BF007EF482 /* Project object */;
}
